{
  "name": "blog_web",
  "version": "1.0.0",
  "lockfileVersion": 3,
  "requires": true,
  "packages": {
    "": {
      "name": "blog_web",
      "version": "1.0.0",
      "license": "ISC",
      "dependencies": {
        "cocobase": "^1.3.5"
      }
    },
    "node_modules/cocobase": {
      "version": "1.3.5",
      "resolved": "https://registry.npmjs.org/cocobase/-/cocobase-1.3.5.tgz",
      "integrity": "sha512-o4+Mao4wdNSBBnXM/ID31y59e41KuvjZaW4xLmxsQe6C4LylomE2fHG7st43T8KM/B2R2UfWw/HiY1HTmIi1Tw==",
      "license": "MIT",
      "engines": {
        "node": ">=14.0.0"
      }
    }
  }
}
